{
  "name": "editable-kamod-edit-consumer-fixture",
  "lockfileVersion": 3,
  "requires": true,
  "packages": {
    "": {
      "name": "editable-kamod-edit-consumer-fixture",
      "dependencies": {
        "editable.ts": "file:../../integration-artifacts/editable.ts-1.2.1+58b3840.tgz"
      }
    },
    "node_modules/editable.ts": {
      "version": "1.2.1",
      "resolved": "file:../../integration-artifacts/editable.ts-1.2.1+58b3840.tgz",
      "integrity": "sha512-s7fq2wcIVuNy0Z+CDG8Fr4r6iPzMAzC7/GiS+G2PnF9NTqde8bSyVBDvq+lcy/fcsZhvVfjBGU9N/9mUGS2O5w==",
      "license": "MIT",
      "engines": {
        "node": ">=22",
        "npm": ">=11"
      },
      "peerDependencies": {
        "y-protocols": "^1.0.6",
        "yjs": "^13.6.0"
      },
      "peerDependenciesMeta": {
        "y-protocols": {
          "optional": true
        },
        "yjs": {
          "optional": true
        }
      }
    }
  }
}
